<Solution>
  <Folder Name="/src/">
    <Project Path="src/RoslynLens/RoslynLens.csproj" />
  </Folder>
  <Folder Name="/tests/">
    <Project Path="tests/RoslynLens.Tests/RoslynLens.Tests.csproj" />
  </Folder>
  <Folder Name="/benchmarks/">
    <Project Path="benchmarks/RoslynLens.TokenBenchmark/RoslynLens.TokenBenchmark.csproj" />
  </Folder>
</Solution>
